
Microsoft Visual Studio Solution File, Format Version 12.00
# Visual Studio Version 17
VisualStudioVersion = 17.11.35303.130
MinimumVisualStudioVersion = 10.0.40219.1
Project("{FAE04EC0-301F-11D3-BF4B-00C04F79EFBC}") = "ExamenFinal", "ExamenFinal\ExamenFinal.csproj", "{D9F9EA33-7409-4909-B6BB-108A5593DA59}"
EndProject
Global
	GlobalSection(SolutionConfigurationPlatforms) = preSolution
		Debug|Any CPU = Debug|Any CPU
		Release|Any CPU = Release|Any CPU
	EndGlobalSection
	GlobalSection(ProjectConfigurationPlatforms) = postSolution
		{D9F9EA33-7409-4909-B6BB-108A5593DA59}.Debug|Any CPU.ActiveCfg = Debug|Any CPU
		{D9F9EA33-7409-4909-B6BB-108A5593DA59}.Debug|Any CPU.Build.0 = Debug|Any CPU
		{D9F9EA33-7409-4909-B6BB-108A5593DA59}.Release|Any CPU.ActiveCfg = Release|Any CPU
		{D9F9EA33-7409-4909-B6BB-108A5593DA59}.Release|Any CPU.Build.0 = Release|Any CPU
	EndGlobalSection
	GlobalSection(SolutionProperties) = preSolution
		HideSolutionNode = FALSE
	EndGlobalSection
	GlobalSection(ExtensibilityGlobals) = postSolution
		SolutionGuid = {FFA3027D-6DFF-42F2-96F7-58E5202B043E}
	EndGlobalSection
EndGlobal
